
Microsoft Visual Studio Solution File, Format Version 12.00
# Visual Studio Version 16
VisualStudioVersion = 16.0.31702.278
MinimumVisualStudioVersion = 10.0.40219.1
Project("{FAE04EC0-301F-11D3-BF4B-00C04F79EFBC}") = "App5XamarinMob.UWP", "App5XamarinMob\App5XamarinMob.UWP\App5XamarinMob.UWP.csproj", "{90C5D805-9222-4133-A2D0-58AAFE4868BD}"
EndProject
Project("{FAE04EC0-301F-11D3-BF4B-00C04F79EFBC}") = "App5XamarinMob.Android", "App5XamarinMob\App5XamarinMob.Android\App5XamarinMob.Android.csproj", "{C3493DF5-70A9-4EB0-B994-CCA5A0D97118}"
EndProject
Project("{FAE04EC0-301F-11D3-BF4B-00C04F79EFBC}") = "App5XamarinMob.iOS", "App5XamarinMob\App5XamarinMob.iOS\App5XamarinMob.iOS.csproj", "{C0C43B1F-4E8B-4937-97F6-DCC8E2B1674A}"
EndProject
Project("{FAE04EC0-301F-11D3-BF4B-00C04F79EFBC}") = "App5XamarinMob", "App5XamarinMob\App5XamarinMob\App5XamarinMob.csproj", "{8F0FED36-41D4-4466-9A9A-DEA0C1895948}"
EndProject
Global
	GlobalSection(SolutionConfigurationPlatforms) = preSolution
		Debug|Any CPU = Debug|Any CPU
		Debug|ARM = Debug|ARM
		Debug|iPhone = Debug|iPhone
		Debug|iPhoneSimulator = Debug|iPhoneSimulator
		Debug|x64 = Debug|x64
		Debug|x86 = Debug|x86
		Release|Any CPU = Release|Any CPU
		Release|ARM = Release|ARM
		Release|iPhone = Release|iPhone
		Release|iPhoneSimulator = Release|iPhoneSimulator
		Release|x64 = Release|x64
		Release|x86 = Release|x86
	EndGlobalSection
	GlobalSection(ProjectConfigurationPlatforms) = postSolution
		{90C5D805-9222-4133-A2D0-58AAFE4868BD}.Debug|Any CPU.ActiveCfg = Debug|x86
		{90C5D805-9222-4133-A2D0-58AAFE4868BD}.Debug|Any CPU.Build.0 = Debug|x86
		{90C5D805-9222-4133-A2D0-58AAFE4868BD}.Debug|Any CPU.Deploy.0 = Debug|x86
		{90C5D805-9222-4133-A2D0-58AAFE4868BD}.Debug|ARM.ActiveCfg = Debug|ARM
		{90C5D805-9222-4133-A2D0-58AAFE4868BD}.Debug|ARM.Build.0 = Debug|ARM
		{90C5D805-9222-4133-A2D0-58AAFE4868BD}.Debug|ARM.Deploy.0 = Debug|ARM
		{90C5D805-9222-4133-A2D0-58AAFE4868BD}.Debug|iPhone.ActiveCfg = Debug|x86
		{90C5D805-9222-4133-A2D0-58AAFE4868BD}.Debug|iPhone.Build.0 = Debug|x86
		{90C5D805-9222-4133-A2D0-58AAFE4868BD}.Debug|iPhone.Deploy.0 = Debug|x86
		{90C5D805-9222-4133-A2D0-58AAFE4868BD}.Debug|iPhoneSimulator.ActiveCfg = Debug|x86
		{90C5D805-9222-4133-A2D0-58AAFE4868BD}.Debug|iPhoneSimulator.Build.0 = Debug|x86
		{90C5D805-9222-4133-A2D0-58AAFE4868BD}.Debug|iPhoneSimulator.Deploy.0 = Debug|x86
		{90C5D805-9222-4133-A2D0-58AAFE4868BD}.Debug|x64.ActiveCfg = Debug|x64
		{90C5D805-9222-4133-A2D0-58AAFE4868BD}.Debug|x64.Build.0 = Debug|x64
		{90C5D805-9222-4133-A2D0-58AAFE4868BD}.Debug|x64.Deploy.0 = Debug|x64
		{90C5D805-9222-4133-A2D0-58AAFE4868BD}.Debug|x86.ActiveCfg = Debug|x86
		{90C5D805-9222-4133-A2D0-58AAFE4868BD}.Debug|x86.Build.0 = Debug|x86
		{90C5D805-9222-4133-A2D0-58AAFE4868BD}.Debug|x86.Deploy.0 = Debug|x86
		{90C5D805-9222-4133-A2D0-58AAFE4868BD}.Release|Any CPU.ActiveCfg = Release|x86
		{90C5D805-9222-4133-A2D0-58AAFE4868BD}.Release|Any CPU.Build.0 = Release|x86
		{90C5D805-9222-4133-A2D0-58AAFE4868BD}.Release|Any CPU.Deploy.0 = Release|x86
		{90C5D805-9222-4133-A2D0-58AAFE4868BD}.Release|ARM.ActiveCfg = Release|ARM
		{90C5D805-9222-4133-A2D0-58AAFE4868BD}.Release|ARM.Build.0 = Release|ARM
		{90C5D805-9222-4133-A2D0-58AAFE4868BD}.Release|ARM.Deploy.0 = Release|ARM
		{90C5D805-9222-4133-A2D0-58AAFE4868BD}.Release|iPhone.ActiveCfg = Release|x86
		{90C5D805-9222-4133-A2D0-58AAFE4868BD}.Release|iPhone.Build.0 = Release|x86
		{90C5D805-9222-4133-A2D0-58AAFE4868BD}.Release|iPhone.Deploy.0 = Release|x86
		{90C5D805-9222-4133-A2D0-58AAFE4868BD}.Release|iPhoneSimulator.ActiveCfg = Release|x86
		{90C5D805-9222-4133-A2D0-58AAFE4868BD}.Release|iPhoneSimulator.Build.0 = Release|x86
		{90C5D805-9222-4133-A2D0-58AAFE4868BD}.Release|iPhoneSimulator.Deploy.0 = Release|x86
		{90C5D805-9222-4133-A2D0-58AAFE4868BD}.Release|x64.ActiveCfg = Release|x64
		{90C5D805-9222-4133-A2D0-58AAFE4868BD}.Release|x64.Build.0 = Release|x64
		{90C5D805-9222-4133-A2D0-58AAFE4868BD}.Release|x64.Deploy.0 = Release|x64
		{90C5D805-9222-4133-A2D0-58AAFE4868BD}.Release|x86.ActiveCfg = Release|x86
		{90C5D805-9222-4133-A2D0-58AAFE4868BD}.Release|x86.Build.0 = Release|x86
		{90C5D805-9222-4133-A2D0-58AAFE4868BD}.Release|x86.Deploy.0 = Release|x86
		{C3493DF5-70A9-4EB0-B994-CCA5A0D97118}.Debug|Any CPU.ActiveCfg = Debug|Any CPU
		{C3493DF5-70A9-4EB0-B994-CCA5A0D97118}.Debug|Any CPU.Build.0 = Debug|Any CPU
		{C3493DF5-70A9-4EB0-B994-CCA5A0D97118}.Debug|Any CPU.Deploy.0 = Debug|Any CPU
		{C3493DF5-70A9-4EB0-B994-CCA5A0D97118}.Debug|ARM.ActiveCfg = Debug|Any CPU
		{C3493DF5-70A9-4EB0-B994-CCA5A0D97118}.Debug|ARM.Build.0 = Debug|Any CPU
		{C3493DF5-70A9-4EB0-B994-CCA5A0D97118}.Debug|ARM.Deploy.0 = Debug|Any CPU
		{C3493DF5-70A9-4EB0-B994-CCA5A0D97118}.Debug|iPhone.ActiveCfg = Debug|Any CPU
		{C3493DF5-70A9-4EB0-B994-CCA5A0D97118}.Debug|iPhone.Build.0 = Debug|Any CPU
		{C3493DF5-70A9-4EB0-B994-CCA5A0D97118}.Debug|iPhone.Deploy.0 = Debug|Any CPU
		{C3493DF5-70A9-4EB0-B994-CCA5A0D97118}.Debug|iPhoneSimulator.ActiveCfg = Debug|Any CPU
		{C3493DF5-70A9-4EB0-B994-CCA5A0D97118}.Debug|iPhoneSimulator.Build.0 = Debug|Any CPU
		{C3493DF5-70A9-4EB0-B994-CCA5A0D97118}.Debug|iPhoneSimulator.Deploy.0 = Debug|Any CPU
		{C3493DF5-70A9-4EB0-B994-CCA5A0D97118}.Debug|x64.ActiveCfg = Debug|Any CPU
		{C3493DF5-70A9-4EB0-B994-CCA5A0D97118}.Debug|x64.Build.0 = Debug|Any CPU
		{C3493DF5-70A9-4EB0-B994-CCA5A0D97118}.Debug|x64.Deploy.0 = Debug|Any CPU
		{C3493DF5-70A9-4EB0-B994-CCA5A0D97118}.Debug|x86.ActiveCfg = Debug|Any CPU
		{C3493DF5-70A9-4EB0-B994-CCA5A0D97118}.Debug|x86.Build.0 = Debug|Any CPU
		{C3493DF5-70A9-4EB0-B994-CCA5A0D97118}.Debug|x86.Deploy.0 = Debug|Any CPU
		{C3493DF5-70A9-4EB0-B994-CCA5A0D97118}.Release|Any CPU.ActiveCfg = Release|Any CPU
		{C3493DF5-70A9-4EB0-B994-CCA5A0D97118}.Release|Any CPU.Build.0 = Release|Any CPU
		{C3493DF5-70A9-4EB0-B994-CCA5A0D97118}.Release|Any CPU.Deploy.0 = Release|Any CPU
		{C3493DF5-70A9-4EB0-B994-CCA5A0D97118}.Release|ARM.ActiveCfg = Release|Any CPU
		{C3493DF5-70A9-4EB0-B994-CCA5A0D97118}.Release|ARM.Build.0 = Release|Any CPU
		{C3493DF5-70A9-4EB0-B994-CCA5A0D97118}.Release|ARM.Deploy.0 = Release|Any CPU
		{C3493DF5-70A9-4EB0-B994-CCA5A0D97118}.Release|iPhone.ActiveCfg = Release|Any CPU
		{C3493DF5-70A9-4EB0-B994-CCA5A0D97118}.Release|iPhone.Build.0 = Release|Any CPU
		{C3493DF5-70A9-4EB0-B994-CCA5A0D97118}.Release|iPhone.Deploy.0 = Release|Any CPU
		{C3493DF5-70A9-4EB0-B994-CCA5A0D97118}.Release|iPhoneSimulator.ActiveCfg = Release|Any CPU
		{C3493DF5-70A9-4EB0-B994-CCA5A0D97118}.Release|iPhoneSimulator.Build.0 = Release|Any CPU
		{C3493DF5-70A9-4EB0-B994-CCA5A0D97118}.Release|iPhoneSimulator.Deploy.0 = Release|Any CPU
		{C3493DF5-70A9-4EB0-B994-CCA5A0D97118}.Release|x64.ActiveCfg = Release|Any CPU
		{C3493DF5-70A9-4EB0-B994-CCA5A0D97118}.Release|x64.Build.0 = Release|Any CPU
		{C3493DF5-70A9-4EB0-B994-CCA5A0D97118}.Release|x64.Deploy.0 = Release|Any CPU
		{C3493DF5-70A9-4EB0-B994-CCA5A0D97118}.Release|x86.ActiveCfg = Release|Any CPU
		{C3493DF5-70A9-4EB0-B994-CCA5A0D97118}.Release|x86.Build.0 = Release|Any CPU
		{C3493DF5-70A9-4EB0-B994-CCA5A0D97118}.Release|x86.Deploy.0 = Release|Any CPU
		{C0C43B1F-4E8B-4937-97F6-DCC8E2B1674A}.Debug|Any CPU.ActiveCfg = Debug|iPhoneSimulator
		{C0C43B1F-4E8B-4937-97F6-DCC8E2B1674A}.Debug|Any CPU.Build.0 = Debug|iPhoneSimulator
		{C0C43B1F-4E8B-4937-97F6-DCC8E2B1674A}.Debug|Any CPU.Deploy.0 = Debug|iPhoneSimulator
		{C0C43B1F-4E8B-4937-97F6-DCC8E2B1674A}.Debug|ARM.ActiveCfg = Debug|iPhone
		{C0C43B1F-4E8B-4937-97F6-DCC8E2B1674A}.Debug|ARM.Build.0 = Debug|iPhone
		{C0C43B1F-4E8B-4937-97F6-DCC8E2B1674A}.Debug|ARM.Deploy.0 = Debug|iPhone
		{C0C43B1F-4E8B-4937-97F6-DCC8E2B1674A}.Debug|iPhone.ActiveCfg = Debug|iPhone
		{C0C43B1F-4E8B-4937-97F6-DCC8E2B1674A}.Debug|iPhone.Build.0 = Debug|iPhone
		{C0C43B1F-4E8B-4937-97F6-DCC8E2B1674A}.Debug|iPhone.Deploy.0 = Debug|iPhone
		{C0C43B1F-4E8B-4937-97F6-DCC8E2B1674A}.Debug|iPhoneSimulator.ActiveCfg = Debug|iPhoneSimulator
		{C0C43B1F-4E8B-4937-97F6-DCC8E2B1674A}.Debug|iPhoneSimulator.Build.0 = Debug|iPhoneSimulator
		{C0C43B1F-4E8B-4937-97F6-DCC8E2B1674A}.Debug|iPhoneSimulator.Deploy.0 = Debug|iPhoneSimulator
		{C0C43B1F-4E8B-4937-97F6-DCC8E2B1674A}.Debug|x64.ActiveCfg = Debug|iPhoneSimulator
		{C0C43B1F-4E8B-4937-97F6-DCC8E2B1674A}.Debug|x64.Build.0 = Debug|iPhoneSimulator
		{C0C43B1F-4E8B-4937-97F6-DCC8E2B1674A}.Debug|x64.Deploy.0 = Debug|iPhoneSimulator
		{C0C43B1F-4E8B-4937-97F6-DCC8E2B1674A}.Debug|x86.ActiveCfg = Debug|iPhoneSimulator
		{C0C43B1F-4E8B-4937-97F6-DCC8E2B1674A}.Debug|x86.Build.0 = Debug|iPhoneSimulator
		{C0C43B1F-4E8B-4937-97F6-DCC8E2B1674A}.Debug|x86.Deploy.0 = Debug|iPhoneSimulator
		{C0C43B1F-4E8B-4937-97F6-DCC8E2B1674A}.Release|Any CPU.ActiveCfg = Release|iPhoneSimulator
		{C0C43B1F-4E8B-4937-97F6-DCC8E2B1674A}.Release|Any CPU.Build.0 = Release|iPhoneSimulator
		{C0C43B1F-4E8B-4937-97F6-DCC8E2B1674A}.Release|Any CPU.Deploy.0 = Release|iPhoneSimulator
		{C0C43B1F-4E8B-4937-97F6-DCC8E2B1674A}.Release|ARM.ActiveCfg = Release|iPhoneSimulator
		{C0C43B1F-4E8B-4937-97F6-DCC8E2B1674A}.Release|ARM.Build.0 = Release|iPhoneSimulator
		{C0C43B1F-4E8B-4937-97F6-DCC8E2B1674A}.Release|ARM.Deploy.0 = Release|iPhoneSimulator
		{C0C43B1F-4E8B-4937-97F6-DCC8E2B1674A}.Release|iPhone.ActiveCfg = Release|iPhone
		{C0C43B1F-4E8B-4937-97F6-DCC8E2B1674A}.Release|iPhone.Build.0 = Release|iPhone
		{C0C43B1F-4E8B-4937-97F6-DCC8E2B1674A}.Release|iPhone.Deploy.0 = Release|iPhone
		{C0C43B1F-4E8B-4937-97F6-DCC8E2B1674A}.Release|iPhoneSimulator.ActiveCfg = Release|iPhoneSimulator
		{C0C43B1F-4E8B-4937-97F6-DCC8E2B1674A}.Release|iPhoneSimulator.Build.0 = Release|iPhoneSimulator
		{C0C43B1F-4E8B-4937-97F6-DCC8E2B1674A}.Release|iPhoneSimulator.Deploy.0 = Release|iPhoneSimulator
		{C0C43B1F-4E8B-4937-97F6-DCC8E2B1674A}.Release|x64.ActiveCfg = Release|iPhoneSimulator
		{C0C43B1F-4E8B-4937-97F6-DCC8E2B1674A}.Release|x64.Build.0 = Release|iPhoneSimulator
		{C0C43B1F-4E8B-4937-97F6-DCC8E2B1674A}.Release|x64.Deploy.0 = Release|iPhoneSimulator
		{C0C43B1F-4E8B-4937-97F6-DCC8E2B1674A}.Release|x86.ActiveCfg = Release|iPhoneSimulator
		{C0C43B1F-4E8B-4937-97F6-DCC8E2B1674A}.Release|x86.Build.0 = Release|iPhoneSimulator
		{C0C43B1F-4E8B-4937-97F6-DCC8E2B1674A}.Release|x86.Deploy.0 = Release|iPhoneSimulator
		{8F0FED36-41D4-4466-9A9A-DEA0C1895948}.Debug|Any CPU.ActiveCfg = Debug|Any CPU
		{8F0FED36-41D4-4466-9A9A-DEA0C1895948}.Debug|Any CPU.Build.0 = Debug|Any CPU
		{8F0FED36-41D4-4466-9A9A-DEA0C1895948}.Debug|Any CPU.Deploy.0 = Debug|Any CPU
		{8F0FED36-41D4-4466-9A9A-DEA0C1895948}.Debug|ARM.ActiveCfg = Debug|Any CPU
		{8F0FED36-41D4-4466-9A9A-DEA0C1895948}.Debug|ARM.Build.0 = Debug|Any CPU
		{8F0FED36-41D4-4466-9A9A-DEA0C1895948}.Debug|ARM.Deploy.0 = Debug|Any CPU
		{8F0FED36-41D4-4466-9A9A-DEA0C1895948}.Debug|iPhone.ActiveCfg = Debug|Any CPU
		{8F0FED36-41D4-4466-9A9A-DEA0C1895948}.Debug|iPhone.Build.0 = Debug|Any CPU
		{8F0FED36-41D4-4466-9A9A-DEA0C1895948}.Debug|iPhone.Deploy.0 = Debug|Any CPU
		{8F0FED36-41D4-4466-9A9A-DEA0C1895948}.Debug|iPhoneSimulator.ActiveCfg = Debug|Any CPU
		{8F0FED36-41D4-4466-9A9A-DEA0C1895948}.Debug|iPhoneSimulator.Build.0 = Debug|Any CPU
		{8F0FED36-41D4-4466-9A9A-DEA0C1895948}.Debug|iPhoneSimulator.Deploy.0 = Debug|Any CPU
		{8F0FED36-41D4-4466-9A9A-DEA0C1895948}.Debug|x64.ActiveCfg = Debug|Any CPU
		{8F0FED36-41D4-4466-9A9A-DEA0C1895948}.Debug|x64.Build.0 = Debug|Any CPU
		{8F0FED36-41D4-4466-9A9A-DEA0C1895948}.Debug|x64.Deploy.0 = Debug|Any CPU
		{8F0FED36-41D4-4466-9A9A-DEA0C1895948}.Debug|x86.ActiveCfg = Debug|Any CPU
		{8F0FED36-41D4-4466-9A9A-DEA0C1895948}.Debug|x86.Build.0 = Debug|Any CPU
		{8F0FED36-41D4-4466-9A9A-DEA0C1895948}.Debug|x86.Deploy.0 = Debug|Any CPU
		{8F0FED36-41D4-4466-9A9A-DEA0C1895948}.Release|Any CPU.ActiveCfg = Release|Any CPU
		{8F0FED36-41D4-4466-9A9A-DEA0C1895948}.Release|Any CPU.Build.0 = Release|Any CPU
		{8F0FED36-41D4-4466-9A9A-DEA0C1895948}.Release|Any CPU.Deploy.0 = Release|Any CPU
		{8F0FED36-41D4-4466-9A9A-DEA0C1895948}.Release|ARM.ActiveCfg = Release|Any CPU
		{8F0FED36-41D4-4466-9A9A-DEA0C1895948}.Release|ARM.Build.0 = Release|Any CPU
		{8F0FED36-41D4-4466-9A9A-DEA0C1895948}.Release|ARM.Deploy.0 = Release|Any CPU
		{8F0FED36-41D4-4466-9A9A-DEA0C1895948}.Release|iPhone.ActiveCfg = Release|Any CPU
		{8F0FED36-41D4-4466-9A9A-DEA0C1895948}.Release|iPhone.Build.0 = Release|Any CPU
		{8F0FED36-41D4-4466-9A9A-DEA0C1895948}.Release|iPhone.Deploy.0 = Release|Any CPU
		{8F0FED36-41D4-4466-9A9A-DEA0C1895948}.Release|iPhoneSimulator.ActiveCfg = Release|Any CPU
		{8F0FED36-41D4-4466-9A9A-DEA0C1895948}.Release|iPhoneSimulator.Build.0 = Release|Any CPU
		{8F0FED36-41D4-4466-9A9A-DEA0C1895948}.Release|iPhoneSimulator.Deploy.0 = Release|Any CPU
		{8F0FED36-41D4-4466-9A9A-DEA0C1895948}.Release|x64.ActiveCfg = Release|Any CPU
		{8F0FED36-41D4-4466-9A9A-DEA0C1895948}.Release|x64.Build.0 = Release|Any CPU
		{8F0FED36-41D4-4466-9A9A-DEA0C1895948}.Release|x64.Deploy.0 = Release|Any CPU
		{8F0FED36-41D4-4466-9A9A-DEA0C1895948}.Release|x86.ActiveCfg = Release|Any CPU
		{8F0FED36-41D4-4466-9A9A-DEA0C1895948}.Release|x86.Build.0 = Release|Any CPU
		{8F0FED36-41D4-4466-9A9A-DEA0C1895948}.Release|x86.Deploy.0 = Release|Any CPU
	EndGlobalSection
	GlobalSection(SolutionProperties) = preSolution
		HideSolutionNode = FALSE
	EndGlobalSection
	GlobalSection(ExtensibilityGlobals) = postSolution
		SolutionGuid = {FDBB5639-6570-4F30-9C29-E5717C895BDE}
	EndGlobalSection
EndGlobal
